{
  "nodes": {
    "nixpkgs": {
      "locked": {
        "lastModified": 1713540478,
        "narHash": "sha256-biYsnIjsOvc4mNfcAv/bpHGJ2eHBaNpukUzmf1YFcRU=",
        "owner": "NixOS",
        "repo": "nixpkgs",
        "rev": "cc5b30542b0202032f2ad5792cfa3955446fdfdf",
        "type": "github"
      },
      "original": {
        "owner": "NixOS",
        "repo": "nixpkgs",
        "type": "github"
      }
    },
    "root": {
      "inputs": {
        "nixpkgs": "nixpkgs"
      }
    }
  },
  "root": "root",
  "version": 7
}
