{
  "nodes": {
    "nixpkgs": {
      "locked": {
        "lastModified": 1659102345,
        "narHash": "sha256-Vbzlz254EMZvn28BhpN8JOi5EuKqnHZ3ujFYgFcSGvk=",
        "owner": "NixOS",
        "repo": "nixpkgs",
        "rev": "11b60e4f80d87794a2a4a8a256391b37c59a1ea7",
        "type": "github"
      },
      "original": {
        "id": "nixpkgs",
        "type": "indirect"
      }
    },
    "root": {
      "inputs": {
        "nixpkgs": "nixpkgs"
      }
    }
  },
  "root": "root",
  "version": 7
}
